
Microsoft Visual Studio Solution File, Format Version 12.00
# Visual Studio 15
VisualStudioVersion = 15.0.27428.2015
MinimumVisualStudioVersion = 10.0.40219.1
Project("{FAE04EC0-301F-11D3-BF4B-00C04F79EFBC}") = "WebApp", "WebApp\WebApp.csproj", "{D152DB23-678B-4302-8F16-E454F7FD124C}"
EndProject
Global
	GlobalSection(SolutionConfigurationPlatforms) = preSolution
		Debug|Any CPU = Debug|Any CPU
		Release|Any CPU = Release|Any CPU
	EndGlobalSection
	GlobalSection(ProjectConfigurationPlatforms) = postSolution
		{D152DB23-678B-4302-8F16-E454F7FD124C}.Debug|Any CPU.ActiveCfg = Debug|Any CPU
		{D152DB23-678B-4302-8F16-E454F7FD124C}.Debug|Any CPU.Build.0 = Debug|Any CPU
		{D152DB23-678B-4302-8F16-E454F7FD124C}.Release|Any CPU.ActiveCfg = Release|Any CPU
		{D152DB23-678B-4302-8F16-E454F7FD124C}.Release|Any CPU.Build.0 = Release|Any CPU
	EndGlobalSection
	GlobalSection(SolutionProperties) = preSolution
		HideSolutionNode = FALSE
	EndGlobalSection
	GlobalSection(ExtensibilityGlobals) = postSolution
		SolutionGuid = {5629E414-56F6-4D91-AB19-365CDC9539E8}
	EndGlobalSection
EndGlobal
